
Microsoft Visual Studio Solution File, Format Version 12.00
# Visual Studio Version 16
VisualStudioVersion = 16.0.29009.5
MinimumVisualStudioVersion = 10.0.40219.1
Project("{2150E333-8FDC-42A3-9474-1A3956D46DE8}") = "src", "src", "{198744D0-8880-4490-89C9-A5F37EDC427B}"
EndProject
Project("{9A19103F-16F7-4668-BE54-9A1E7A4F7556}") = "Soccer.Core", "src\Soccer\Soccer.Core\Soccer.Core.csproj", "{35F6F739-D24C-42AC-9B38-FD425C636A0A}"
EndProject
Project("{2150E333-8FDC-42A3-9474-1A3956D46DE8}") = "DataReceivers", "DataReceivers", "{523D929A-EC51-45C4-B349-179D63B981B7}"
EndProject
Project("{9A19103F-16F7-4668-BE54-9A1E7A4F7556}") = "Soccer.DataReceivers.EventListeners", "src\Soccer\DataReceivers\Soccer.DataReceivers.EventListeners\Soccer.DataReceivers.EventListeners.csproj", "{D326807D-1C02-403A-9102-A27E2803C4A1}"
EndProject
Project("{2150E333-8FDC-42A3-9474-1A3956D46DE8}") = "Services", "Services", "{7173D557-0386-4235-9D1B-890453EF39B1}"
EndProject
Project("{9A19103F-16F7-4668-BE54-9A1E7A4F7556}") = "Soccer.EventProcessors", "src\Soccer\Services\Soccer.EventProcessors\Soccer.EventProcessors.csproj", "{18BDC7E2-FB66-49E9-A662-E74979467774}"
EndProject
Project("{9A19103F-16F7-4668-BE54-9A1E7A4F7556}") = "Soccer.EventPublishers", "src\Soccer\Services\Soccer.EventPublishers\Soccer.EventPublishers.csproj", "{142872DD-542B-488F-AA56-A2D22CA5DAA5}"
EndProject
Project("{9A19103F-16F7-4668-BE54-9A1E7A4F7556}") = "Soccer.API", "src\Soccer\Services\Soccer.API\Soccer.API.csproj", "{043C3C26-5470-406E-B413-886AA6FBB23C}"
EndProject
Project("{2150E333-8FDC-42A3-9474-1A3956D46DE8}") = "DataProviders", "DataProviders", "{306F12AC-6FA4-45D5-BF8C-EDDF54E6CC9D}"
EndProject
Project("{9A19103F-16F7-4668-BE54-9A1E7A4F7556}") = "Soccer.DataReceivers.ScheduleTasks", "src\Soccer\DataReceivers\Soccer.DataReceivers.ScheduleTasks\Soccer.DataReceivers.ScheduleTasks.csproj", "{253E9EE2-6004-4F73-9089-EF66011737CF}"
EndProject
Project("{2150E333-8FDC-42A3-9474-1A3956D46DE8}") = "Tests", "Tests", "{1FAE0FD7-1B6A-4160-B837-1E5357494923}"
EndProject
Project("{9A19103F-16F7-4668-BE54-9A1E7A4F7556}") = "Soccer.API.Tests", "src\Soccer\Services\Tests\Soccer.API.Tests\Soccer.API.Tests.csproj", "{A09FC7B1-7EF6-4A2B-B5A2-CC486ADC84AE}"
EndProject
Project("{9A19103F-16F7-4668-BE54-9A1E7A4F7556}") = "Score247.Shared", "src\_Shared\Score247.Shared.csproj", "{C56C1C2A-F1F6-4D5A-AFC7-3E91BE39DD86}"
EndProject
Project("{9A19103F-16F7-4668-BE54-9A1E7A4F7556}") = "Soccer.DataProviders", "src\Soccer\DataProviders\Soccer.DataProviders\Soccer.DataProviders.csproj", "{26E3D5B1-B2E4-4FFC-BADD-1B5AF69FCC5E}"
EndProject
Project("{9A19103F-16F7-4668-BE54-9A1E7A4F7556}") = "Soccer.DataProviders.SportRadar", "src\Soccer\DataProviders\Soccer.ServiceProviders.BetRadar\Soccer.DataProviders.SportRadar.csproj", "{F5C29407-1E0B-44CC-B0C0-989FD6F02F8E}"
EndProject
Project("{2150E333-8FDC-42A3-9474-1A3956D46DE8}") = "Infrastructure", "Infrastructure", "{4E291B9D-E764-49D1-8399-258034560AA0}"
EndProject
Project("{9A19103F-16F7-4668-BE54-9A1E7A4F7556}") = "Soccer.Database", "src\Soccer\Infrastructure\Soccer.Database\Soccer.Database.csproj", "{ECCB0353-4689-43CD-87F6-1AC447DD2EEA}"
EndProject
Project("{9A19103F-16F7-4668-BE54-9A1E7A4F7556}") = "Soccer.DataReceivers", "src\Soccer\DataReceivers\Soccer.DataReceivers\Soccer.DataReceivers.csproj", "{3CEAF5B3-E45C-41F0-949D-EBCA89545E96}"
EndProject
Project("{2150E333-8FDC-42A3-9474-1A3956D46DE8}") = "Experiments", "Experiments", "{30FA5FDA-77A7-480D-92F2-1C3C9956B791}"
EndProject
Project("{9A19103F-16F7-4668-BE54-9A1E7A4F7556}") = "Soccers.Experiment", "experiments\Soccers.Experiment\Soccers.Experiment.csproj", "{CA9C066D-3308-415D-B510-076B6FC59B59}"
EndProject
Project("{2150E333-8FDC-42A3-9474-1A3956D46DE8}") = "Tests", "Tests", "{A7A2B310-406C-42B4-91C4-23D27C2D124B}"
EndProject
Project("{9A19103F-16F7-4668-BE54-9A1E7A4F7556}") = "Soccer.EventProcessors.Tests", "src\Soccer\Services\Tests\Soccer.EventProcessors.Tests\Soccer.EventProcessors.Tests.csproj", "{D3BB9A0D-9B95-4ED3-8BA5-3BAD4E59161E}"
EndProject
Project("{9A19103F-16F7-4668-BE54-9A1E7A4F7556}") = "Soccer.EventPublishers.Tests", "src\Soccer\Services\Tests\Soccer.EventPublishers.Tests\Soccer.EventPublishers.Tests.csproj", "{50DC8A7F-D042-46C1-BEC8-AF08F8811B0F}"
EndProject
Project("{2150E333-8FDC-42A3-9474-1A3956D46DE8}") = "Tests", "Tests", "{9642641C-9774-46DC-A39D-57CDDCE5F469}"
EndProject
Project("{9A19103F-16F7-4668-BE54-9A1E7A4F7556}") = "Soccer.Core.Tests", "tests\Soccer.Core.Tests\Soccer.Core.Tests.csproj", "{15BECC9B-5D44-4CB1-BBF6-4C00EE4D6A30}"
EndProject
Project("{9A19103F-16F7-4668-BE54-9A1E7A4F7556}") = "Score247.Shared.Tests", "tests\Score247.Shared.Tests\Score247.Shared.Tests.csproj", "{19D9915A-2C9E-4346-8BB1-275AEFD00FFA}"
EndProject
Project("{2150E333-8FDC-42A3-9474-1A3956D46DE8}") = "Tests", "Tests", "{7F16B4BB-E9D5-465F-A765-5F6A839AB1F6}"
EndProject
Project("{9A19103F-16F7-4668-BE54-9A1E7A4F7556}") = "Soccer.DataReceivers.ScheduleTasks.Tests", "src\Soccer\DataReceivers\Tests\Soccer.DataReceivers.ScheduleTasks.Tests\Soccer.DataReceivers.ScheduleTasks.Tests.csproj", "{1C47918C-CE65-4B88-BF8E-72BD4F91D633}"
EndProject
Project("{9A19103F-16F7-4668-BE54-9A1E7A4F7556}") = "Soccer.DataReceivers.EventListeners.Tests", "src\Soccer\DataReceivers\Tests\Soccer.DataReceivers.EventListeners.Tests\Soccer.DataReceivers.EventListeners.Tests.csproj", "{39C70C26-9323-4EA4-B57A-190C7066B359}"
EndProject
Project("{9A19103F-16F7-4668-BE54-9A1E7A4F7556}") = "Soccers.Benchmarks", "experiments\Soccers.Benchmarks\Soccers.Benchmarks.csproj", "{AEEE020E-37E7-4AC4-80AD-FDB1C1147985}"
EndProject
Project("{2150E333-8FDC-42A3-9474-1A3956D46DE8}") = "tests", "tests", "{ECE5FB6F-3B03-43E8-8442-2F8759EDF458}"
EndProject
Project("{2150E333-8FDC-42A3-9474-1A3956D46DE8}") = "integrations", "integrations", "{3EC8A797-BD60-41EF-98E7-FC42722839D5}"
EndProject
Project("{9A19103F-16F7-4668-BE54-9A1E7A4F7556}") = "Score247.IntegrationsTests", "tests\integrations\Score247.IntegrationsTests\Score247.IntegrationsTests.csproj", "{CC7F177E-E952-481F-B189-04F80226BCD5}"
EndProject
Project("{9A19103F-16F7-4668-BE54-9A1E7A4F7556}") = "Soccer.Cache", "src\Soccer\Infrastructure\Soccer.Cache\Soccer.Cache.csproj", "{EBB8583F-DDC5-4E7A-ACEA-5CAAC13E36CB}"
EndProject
Project("{9A19103F-16F7-4668-BE54-9A1E7A4F7556}") = "Soccer.DataProviders.Internal", "src\Soccer\DataProviders\Soccer.DataProviders.Internal\Soccer.DataProviders.Internal.csproj", "{F04CE249-6C92-4CAB-8F2E-C6C373B44A9D}"
EndProject
Project("{2150E333-8FDC-42A3-9474-1A3956D46DE8}") = "Tests", "Tests", "{541501FD-77F9-4707-97FD-44C59D1D6BA6}"
EndProject
Project("{9A19103F-16F7-4668-BE54-9A1E7A4F7556}") = "Soccer.Database.Tests", "Soccer.Database.Tests\Soccer.Database.Tests.csproj", "{67FD68FE-0353-47F0-8D39-9053BB9DC2C7}"
EndProject
Project("{9A19103F-16F7-4668-BE54-9A1E7A4F7556}") = "Soccer.DataProviders.SportRadar.Tests", "src\Soccer\DataProviders\Tests\Soccer.DataProviders.SportRadar.Tests\Soccer.DataProviders.SportRadar.Tests.csproj", "{0EAE5B33-6393-4391-8240-77C01328F33A}"
EndProject
Project("{9A19103F-16F7-4668-BE54-9A1E7A4F7556}") = "Soccer.DataProviders.EyeFootball", "src\Soccer\DataProviders\Soccer.DataProviders.EyeFootball\Soccer.DataProviders.EyeFootball.csproj", "{4AA8CEC0-8E31-45C0-8D3F-2A53D9F38390}"
EndProject
Project("{2150E333-8FDC-42A3-9474-1A3956D46DE8}") = "MonitoringServices", "MonitoringServices", "{1D5E99C6-4B2C-449A-9869-24A1E1108655}"
EndProject
Project("{9A19103F-16F7-4668-BE54-9A1E7A4F7556}") = "Soccer.NotificationPublishers", "src\Soccer\Services\Soccer.NotificationPublishers\Soccer.NotificationPublishers.csproj", "{8E1F5D47-4A25-417D-B1CB-7E9C27E3339D}"
EndProject
Project("{9A19103F-16F7-4668-BE54-9A1E7A4F7556}") = "Soccer.NotificationServices.AppCenter", "src\Soccer\Services\Soccer.NotificationPublisers.AppCenter\Soccer.NotificationServices.AppCenter.csproj", "{0DED0C1A-2914-4B8C-BE19-85D165DB68D8}"
EndProject
Project("{FAE04EC0-301F-11D3-BF4B-00C04F79EFBC}") = "Soccer.NotificationServices", "src\Soccer\Services\Soccer.NotificationServices\Soccer.NotificationServices.csproj", "{79F7F15A-8211-4344-AEDE-8B72401B218F}"
EndProject
Global
	GlobalSection(SolutionConfigurationPlatforms) = preSolution
		Debug|Any CPU = Debug|Any CPU
		Release|Any CPU = Release|Any CPU
	EndGlobalSection
	GlobalSection(ProjectConfigurationPlatforms) = postSolution
		{35F6F739-D24C-42AC-9B38-FD425C636A0A}.Debug|Any CPU.ActiveCfg = Debug|Any CPU
		{35F6F739-D24C-42AC-9B38-FD425C636A0A}.Debug|Any CPU.Build.0 = Debug|Any CPU
		{35F6F739-D24C-42AC-9B38-FD425C636A0A}.Release|Any CPU.ActiveCfg = Release|Any CPU
		{35F6F739-D24C-42AC-9B38-FD425C636A0A}.Release|Any CPU.Build.0 = Release|Any CPU
		{D326807D-1C02-403A-9102-A27E2803C4A1}.Debug|Any CPU.ActiveCfg = Debug|Any CPU
		{D326807D-1C02-403A-9102-A27E2803C4A1}.Debug|Any CPU.Build.0 = Debug|Any CPU
		{D326807D-1C02-403A-9102-A27E2803C4A1}.Release|Any CPU.ActiveCfg = Release|Any CPU
		{D326807D-1C02-403A-9102-A27E2803C4A1}.Release|Any CPU.Build.0 = Release|Any CPU
		{18BDC7E2-FB66-49E9-A662-E74979467774}.Debug|Any CPU.ActiveCfg = Debug|Any CPU
		{18BDC7E2-FB66-49E9-A662-E74979467774}.Debug|Any CPU.Build.0 = Debug|Any CPU
		{18BDC7E2-FB66-49E9-A662-E74979467774}.Release|Any CPU.ActiveCfg = Release|Any CPU
		{18BDC7E2-FB66-49E9-A662-E74979467774}.Release|Any CPU.Build.0 = Release|Any CPU
		{142872DD-542B-488F-AA56-A2D22CA5DAA5}.Debug|Any CPU.ActiveCfg = Debug|Any CPU
		{142872DD-542B-488F-AA56-A2D22CA5DAA5}.Debug|Any CPU.Build.0 = Debug|Any CPU
		{142872DD-542B-488F-AA56-A2D22CA5DAA5}.Release|Any CPU.ActiveCfg = Release|Any CPU
		{142872DD-542B-488F-AA56-A2D22CA5DAA5}.Release|Any CPU.Build.0 = Release|Any CPU
		{043C3C26-5470-406E-B413-886AA6FBB23C}.Debug|Any CPU.ActiveCfg = Debug|Any CPU
		{043C3C26-5470-406E-B413-886AA6FBB23C}.Debug|Any CPU.Build.0 = Debug|Any CPU
		{043C3C26-5470-406E-B413-886AA6FBB23C}.Release|Any CPU.ActiveCfg = Release|Any CPU
		{043C3C26-5470-406E-B413-886AA6FBB23C}.Release|Any CPU.Build.0 = Release|Any CPU
		{253E9EE2-6004-4F73-9089-EF66011737CF}.Debug|Any CPU.ActiveCfg = Debug|Any CPU
		{253E9EE2-6004-4F73-9089-EF66011737CF}.Debug|Any CPU.Build.0 = Debug|Any CPU
		{253E9EE2-6004-4F73-9089-EF66011737CF}.Release|Any CPU.ActiveCfg = Release|Any CPU
		{253E9EE2-6004-4F73-9089-EF66011737CF}.Release|Any CPU.Build.0 = Release|Any CPU
		{A09FC7B1-7EF6-4A2B-B5A2-CC486ADC84AE}.Debug|Any CPU.ActiveCfg = Debug|Any CPU
		{A09FC7B1-7EF6-4A2B-B5A2-CC486ADC84AE}.Debug|Any CPU.Build.0 = Debug|Any CPU
		{A09FC7B1-7EF6-4A2B-B5A2-CC486ADC84AE}.Release|Any CPU.ActiveCfg = Release|Any CPU
		{A09FC7B1-7EF6-4A2B-B5A2-CC486ADC84AE}.Release|Any CPU.Build.0 = Release|Any CPU
		{C56C1C2A-F1F6-4D5A-AFC7-3E91BE39DD86}.Debug|Any CPU.ActiveCfg = Debug|Any CPU
		{C56C1C2A-F1F6-4D5A-AFC7-3E91BE39DD86}.Debug|Any CPU.Build.0 = Debug|Any CPU
		{C56C1C2A-F1F6-4D5A-AFC7-3E91BE39DD86}.Release|Any CPU.ActiveCfg = Release|Any CPU
		{C56C1C2A-F1F6-4D5A-AFC7-3E91BE39DD86}.Release|Any CPU.Build.0 = Release|Any CPU
		{26E3D5B1-B2E4-4FFC-BADD-1B5AF69FCC5E}.Debug|Any CPU.ActiveCfg = Debug|Any CPU
		{26E3D5B1-B2E4-4FFC-BADD-1B5AF69FCC5E}.Debug|Any CPU.Build.0 = Debug|Any CPU
		{26E3D5B1-B2E4-4FFC-BADD-1B5AF69FCC5E}.Release|Any CPU.ActiveCfg = Release|Any CPU
		{26E3D5B1-B2E4-4FFC-BADD-1B5AF69FCC5E}.Release|Any CPU.Build.0 = Release|Any CPU
		{F5C29407-1E0B-44CC-B0C0-989FD6F02F8E}.Debug|Any CPU.ActiveCfg = Debug|Any CPU
		{F5C29407-1E0B-44CC-B0C0-989FD6F02F8E}.Debug|Any CPU.Build.0 = Debug|Any CPU
		{F5C29407-1E0B-44CC-B0C0-989FD6F02F8E}.Release|Any CPU.ActiveCfg = Release|Any CPU
		{F5C29407-1E0B-44CC-B0C0-989FD6F02F8E}.Release|Any CPU.Build.0 = Release|Any CPU
		{ECCB0353-4689-43CD-87F6-1AC447DD2EEA}.Debug|Any CPU.ActiveCfg = Debug|Any CPU
		{ECCB0353-4689-43CD-87F6-1AC447DD2EEA}.Debug|Any CPU.Build.0 = Debug|Any CPU
		{ECCB0353-4689-43CD-87F6-1AC447DD2EEA}.Release|Any CPU.ActiveCfg = Release|Any CPU
		{ECCB0353-4689-43CD-87F6-1AC447DD2EEA}.Release|Any CPU.Build.0 = Release|Any CPU
		{3CEAF5B3-E45C-41F0-949D-EBCA89545E96}.Debug|Any CPU.ActiveCfg = Debug|Any CPU
		{3CEAF5B3-E45C-41F0-949D-EBCA89545E96}.Debug|Any CPU.Build.0 = Debug|Any CPU
		{3CEAF5B3-E45C-41F0-949D-EBCA89545E96}.Release|Any CPU.ActiveCfg = Release|Any CPU
		{3CEAF5B3-E45C-41F0-949D-EBCA89545E96}.Release|Any CPU.Build.0 = Release|Any CPU
		{CA9C066D-3308-415D-B510-076B6FC59B59}.Debug|Any CPU.ActiveCfg = Debug|Any CPU
		{CA9C066D-3308-415D-B510-076B6FC59B59}.Debug|Any CPU.Build.0 = Debug|Any CPU
		{CA9C066D-3308-415D-B510-076B6FC59B59}.Release|Any CPU.ActiveCfg = Release|Any CPU
		{CA9C066D-3308-415D-B510-076B6FC59B59}.Release|Any CPU.Build.0 = Release|Any CPU
		{D3BB9A0D-9B95-4ED3-8BA5-3BAD4E59161E}.Debug|Any CPU.ActiveCfg = Debug|Any CPU
		{D3BB9A0D-9B95-4ED3-8BA5-3BAD4E59161E}.Debug|Any CPU.Build.0 = Debug|Any CPU
		{D3BB9A0D-9B95-4ED3-8BA5-3BAD4E59161E}.Release|Any CPU.ActiveCfg = Release|Any CPU
		{D3BB9A0D-9B95-4ED3-8BA5-3BAD4E59161E}.Release|Any CPU.Build.0 = Release|Any CPU
		{50DC8A7F-D042-46C1-BEC8-AF08F8811B0F}.Debug|Any CPU.ActiveCfg = Debug|Any CPU
		{50DC8A7F-D042-46C1-BEC8-AF08F8811B0F}.Debug|Any CPU.Build.0 = Debug|Any CPU
		{50DC8A7F-D042-46C1-BEC8-AF08F8811B0F}.Release|Any CPU.ActiveCfg = Release|Any CPU
		{50DC8A7F-D042-46C1-BEC8-AF08F8811B0F}.Release|Any CPU.Build.0 = Release|Any CPU
		{15BECC9B-5D44-4CB1-BBF6-4C00EE4D6A30}.Debug|Any CPU.ActiveCfg = Debug|Any CPU
		{15BECC9B-5D44-4CB1-BBF6-4C00EE4D6A30}.Debug|Any CPU.Build.0 = Debug|Any CPU
		{15BECC9B-5D44-4CB1-BBF6-4C00EE4D6A30}.Release|Any CPU.ActiveCfg = Release|Any CPU
		{15BECC9B-5D44-4CB1-BBF6-4C00EE4D6A30}.Release|Any CPU.Build.0 = Release|Any CPU
		{19D9915A-2C9E-4346-8BB1-275AEFD00FFA}.Debug|Any CPU.ActiveCfg = Debug|Any CPU
		{19D9915A-2C9E-4346-8BB1-275AEFD00FFA}.Debug|Any CPU.Build.0 = Debug|Any CPU
		{19D9915A-2C9E-4346-8BB1-275AEFD00FFA}.Release|Any CPU.ActiveCfg = Release|Any CPU
		{19D9915A-2C9E-4346-8BB1-275AEFD00FFA}.Release|Any CPU.Build.0 = Release|Any CPU
		{1C47918C-CE65-4B88-BF8E-72BD4F91D633}.Debug|Any CPU.ActiveCfg = Debug|Any CPU
		{1C47918C-CE65-4B88-BF8E-72BD4F91D633}.Debug|Any CPU.Build.0 = Debug|Any CPU
		{1C47918C-CE65-4B88-BF8E-72BD4F91D633}.Release|Any CPU.ActiveCfg = Release|Any CPU
		{1C47918C-CE65-4B88-BF8E-72BD4F91D633}.Release|Any CPU.Build.0 = Release|Any CPU
		{39C70C26-9323-4EA4-B57A-190C7066B359}.Debug|Any CPU.ActiveCfg = Debug|Any CPU
		{39C70C26-9323-4EA4-B57A-190C7066B359}.Debug|Any CPU.Build.0 = Debug|Any CPU
		{39C70C26-9323-4EA4-B57A-190C7066B359}.Release|Any CPU.ActiveCfg = Release|Any CPU
		{39C70C26-9323-4EA4-B57A-190C7066B359}.Release|Any CPU.Build.0 = Release|Any CPU
		{AEEE020E-37E7-4AC4-80AD-FDB1C1147985}.Debug|Any CPU.ActiveCfg = Release|Any CPU
		{AEEE020E-37E7-4AC4-80AD-FDB1C1147985}.Debug|Any CPU.Build.0 = Release|Any CPU
		{AEEE020E-37E7-4AC4-80AD-FDB1C1147985}.Release|Any CPU.ActiveCfg = Release|Any CPU
		{AEEE020E-37E7-4AC4-80AD-FDB1C1147985}.Release|Any CPU.Build.0 = Release|Any CPU
		{CC7F177E-E952-481F-B189-04F80226BCD5}.Debug|Any CPU.ActiveCfg = Debug|Any CPU
		{CC7F177E-E952-481F-B189-04F80226BCD5}.Debug|Any CPU.Build.0 = Debug|Any CPU
		{CC7F177E-E952-481F-B189-04F80226BCD5}.Release|Any CPU.ActiveCfg = Release|Any CPU
		{CC7F177E-E952-481F-B189-04F80226BCD5}.Release|Any CPU.Build.0 = Release|Any CPU
		{EBB8583F-DDC5-4E7A-ACEA-5CAAC13E36CB}.Debug|Any CPU.ActiveCfg = Debug|Any CPU
		{EBB8583F-DDC5-4E7A-ACEA-5CAAC13E36CB}.Debug|Any CPU.Build.0 = Debug|Any CPU
		{EBB8583F-DDC5-4E7A-ACEA-5CAAC13E36CB}.Release|Any CPU.ActiveCfg = Release|Any CPU
		{EBB8583F-DDC5-4E7A-ACEA-5CAAC13E36CB}.Release|Any CPU.Build.0 = Release|Any CPU
		{F04CE249-6C92-4CAB-8F2E-C6C373B44A9D}.Debug|Any CPU.ActiveCfg = Debug|Any CPU
		{F04CE249-6C92-4CAB-8F2E-C6C373B44A9D}.Debug|Any CPU.Build.0 = Debug|Any CPU
		{F04CE249-6C92-4CAB-8F2E-C6C373B44A9D}.Release|Any CPU.ActiveCfg = Release|Any CPU
		{F04CE249-6C92-4CAB-8F2E-C6C373B44A9D}.Release|Any CPU.Build.0 = Release|Any CPU
		{67FD68FE-0353-47F0-8D39-9053BB9DC2C7}.Debug|Any CPU.ActiveCfg = Debug|Any CPU
		{67FD68FE-0353-47F0-8D39-9053BB9DC2C7}.Debug|Any CPU.Build.0 = Debug|Any CPU
		{67FD68FE-0353-47F0-8D39-9053BB9DC2C7}.Release|Any CPU.ActiveCfg = Release|Any CPU
		{67FD68FE-0353-47F0-8D39-9053BB9DC2C7}.Release|Any CPU.Build.0 = Release|Any CPU
		{0EAE5B33-6393-4391-8240-77C01328F33A}.Debug|Any CPU.ActiveCfg = Debug|Any CPU
		{0EAE5B33-6393-4391-8240-77C01328F33A}.Debug|Any CPU.Build.0 = Debug|Any CPU
		{0EAE5B33-6393-4391-8240-77C01328F33A}.Release|Any CPU.ActiveCfg = Release|Any CPU
		{0EAE5B33-6393-4391-8240-77C01328F33A}.Release|Any CPU.Build.0 = Release|Any CPU
		{4AA8CEC0-8E31-45C0-8D3F-2A53D9F38390}.Debug|Any CPU.ActiveCfg = Debug|Any CPU
		{4AA8CEC0-8E31-45C0-8D3F-2A53D9F38390}.Debug|Any CPU.Build.0 = Debug|Any CPU
		{4AA8CEC0-8E31-45C0-8D3F-2A53D9F38390}.Release|Any CPU.ActiveCfg = Release|Any CPU
		{4AA8CEC0-8E31-45C0-8D3F-2A53D9F38390}.Release|Any CPU.Build.0 = Release|Any CPU
		{8E1F5D47-4A25-417D-B1CB-7E9C27E3339D}.Debug|Any CPU.ActiveCfg = Debug|Any CPU
		{8E1F5D47-4A25-417D-B1CB-7E9C27E3339D}.Debug|Any CPU.Build.0 = Debug|Any CPU
		{8E1F5D47-4A25-417D-B1CB-7E9C27E3339D}.Release|Any CPU.ActiveCfg = Release|Any CPU
		{8E1F5D47-4A25-417D-B1CB-7E9C27E3339D}.Release|Any CPU.Build.0 = Release|Any CPU
		{0DED0C1A-2914-4B8C-BE19-85D165DB68D8}.Debug|Any CPU.ActiveCfg = Debug|Any CPU
		{0DED0C1A-2914-4B8C-BE19-85D165DB68D8}.Debug|Any CPU.Build.0 = Debug|Any CPU
		{0DED0C1A-2914-4B8C-BE19-85D165DB68D8}.Release|Any CPU.ActiveCfg = Release|Any CPU
		{0DED0C1A-2914-4B8C-BE19-85D165DB68D8}.Release|Any CPU.Build.0 = Release|Any CPU
		{79F7F15A-8211-4344-AEDE-8B72401B218F}.Debug|Any CPU.ActiveCfg = Debug|Any CPU
		{79F7F15A-8211-4344-AEDE-8B72401B218F}.Debug|Any CPU.Build.0 = Debug|Any CPU
		{79F7F15A-8211-4344-AEDE-8B72401B218F}.Release|Any CPU.ActiveCfg = Release|Any CPU
		{79F7F15A-8211-4344-AEDE-8B72401B218F}.Release|Any CPU.Build.0 = Release|Any CPU
	EndGlobalSection
	GlobalSection(SolutionProperties) = preSolution
		HideSolutionNode = FALSE
	EndGlobalSection
	GlobalSection(NestedProjects) = preSolution
		{35F6F739-D24C-42AC-9B38-FD425C636A0A} = {198744D0-8880-4490-89C9-A5F37EDC427B}
		{523D929A-EC51-45C4-B349-179D63B981B7} = {198744D0-8880-4490-89C9-A5F37EDC427B}
		{D326807D-1C02-403A-9102-A27E2803C4A1} = {523D929A-EC51-45C4-B349-179D63B981B7}
		{7173D557-0386-4235-9D1B-890453EF39B1} = {198744D0-8880-4490-89C9-A5F37EDC427B}
		{18BDC7E2-FB66-49E9-A662-E74979467774} = {7173D557-0386-4235-9D1B-890453EF39B1}
		{142872DD-542B-488F-AA56-A2D22CA5DAA5} = {7173D557-0386-4235-9D1B-890453EF39B1}
		{043C3C26-5470-406E-B413-886AA6FBB23C} = {7173D557-0386-4235-9D1B-890453EF39B1}
		{306F12AC-6FA4-45D5-BF8C-EDDF54E6CC9D} = {198744D0-8880-4490-89C9-A5F37EDC427B}
		{253E9EE2-6004-4F73-9089-EF66011737CF} = {523D929A-EC51-45C4-B349-179D63B981B7}
		{1FAE0FD7-1B6A-4160-B837-1E5357494923} = {7173D557-0386-4235-9D1B-890453EF39B1}
		{A09FC7B1-7EF6-4A2B-B5A2-CC486ADC84AE} = {1FAE0FD7-1B6A-4160-B837-1E5357494923}
		{C56C1C2A-F1F6-4D5A-AFC7-3E91BE39DD86} = {198744D0-8880-4490-89C9-A5F37EDC427B}
		{26E3D5B1-B2E4-4FFC-BADD-1B5AF69FCC5E} = {306F12AC-6FA4-45D5-BF8C-EDDF54E6CC9D}
		{F5C29407-1E0B-44CC-B0C0-989FD6F02F8E} = {306F12AC-6FA4-45D5-BF8C-EDDF54E6CC9D}
		{4E291B9D-E764-49D1-8399-258034560AA0} = {198744D0-8880-4490-89C9-A5F37EDC427B}
		{ECCB0353-4689-43CD-87F6-1AC447DD2EEA} = {4E291B9D-E764-49D1-8399-258034560AA0}
		{3CEAF5B3-E45C-41F0-949D-EBCA89545E96} = {523D929A-EC51-45C4-B349-179D63B981B7}
		{CA9C066D-3308-415D-B510-076B6FC59B59} = {30FA5FDA-77A7-480D-92F2-1C3C9956B791}
		{A7A2B310-406C-42B4-91C4-23D27C2D124B} = {306F12AC-6FA4-45D5-BF8C-EDDF54E6CC9D}
		{D3BB9A0D-9B95-4ED3-8BA5-3BAD4E59161E} = {1FAE0FD7-1B6A-4160-B837-1E5357494923}
		{50DC8A7F-D042-46C1-BEC8-AF08F8811B0F} = {1FAE0FD7-1B6A-4160-B837-1E5357494923}
		{9642641C-9774-46DC-A39D-57CDDCE5F469} = {198744D0-8880-4490-89C9-A5F37EDC427B}
		{15BECC9B-5D44-4CB1-BBF6-4C00EE4D6A30} = {9642641C-9774-46DC-A39D-57CDDCE5F469}
		{19D9915A-2C9E-4346-8BB1-275AEFD00FFA} = {9642641C-9774-46DC-A39D-57CDDCE5F469}
		{7F16B4BB-E9D5-465F-A765-5F6A839AB1F6} = {523D929A-EC51-45C4-B349-179D63B981B7}
		{1C47918C-CE65-4B88-BF8E-72BD4F91D633} = {7F16B4BB-E9D5-465F-A765-5F6A839AB1F6}
		{39C70C26-9323-4EA4-B57A-190C7066B359} = {7F16B4BB-E9D5-465F-A765-5F6A839AB1F6}
		{AEEE020E-37E7-4AC4-80AD-FDB1C1147985} = {30FA5FDA-77A7-480D-92F2-1C3C9956B791}
		{3EC8A797-BD60-41EF-98E7-FC42722839D5} = {ECE5FB6F-3B03-43E8-8442-2F8759EDF458}
		{CC7F177E-E952-481F-B189-04F80226BCD5} = {3EC8A797-BD60-41EF-98E7-FC42722839D5}
		{EBB8583F-DDC5-4E7A-ACEA-5CAAC13E36CB} = {4E291B9D-E764-49D1-8399-258034560AA0}
		{F04CE249-6C92-4CAB-8F2E-C6C373B44A9D} = {306F12AC-6FA4-45D5-BF8C-EDDF54E6CC9D}
		{541501FD-77F9-4707-97FD-44C59D1D6BA6} = {4E291B9D-E764-49D1-8399-258034560AA0}
		{67FD68FE-0353-47F0-8D39-9053BB9DC2C7} = {541501FD-77F9-4707-97FD-44C59D1D6BA6}
		{0EAE5B33-6393-4391-8240-77C01328F33A} = {A7A2B310-406C-42B4-91C4-23D27C2D124B}
		{4AA8CEC0-8E31-45C0-8D3F-2A53D9F38390} = {306F12AC-6FA4-45D5-BF8C-EDDF54E6CC9D}
		{1D5E99C6-4B2C-449A-9869-24A1E1108655} = {198744D0-8880-4490-89C9-A5F37EDC427B}
		{8E1F5D47-4A25-417D-B1CB-7E9C27E3339D} = {7173D557-0386-4235-9D1B-890453EF39B1}
		{0DED0C1A-2914-4B8C-BE19-85D165DB68D8} = {7173D557-0386-4235-9D1B-890453EF39B1}
		{79F7F15A-8211-4344-AEDE-8B72401B218F} = {7173D557-0386-4235-9D1B-890453EF39B1}
	EndGlobalSection
	GlobalSection(ExtensibilityGlobals) = postSolution
		SolutionGuid = {D13AD9D6-D937-45A2-AAA4-3EFA410C7411}
	EndGlobalSection
EndGlobal
