
Microsoft Visual Studio Solution File, Format Version 12.00
# Visual Studio Version 16
VisualStudioVersion = 16.0.29009.5
MinimumVisualStudioVersion = 10.0.40219.1
Project("{2150E333-8FDC-42A3-9474-1A3956D46DE8}") = "src", "src", "{198744D0-8880-4490-89C9-A5F37EDC427B}"
EndProject
Project("{2150E333-8FDC-42A3-9474-1A3956D46DE8}") = "test", "test", "{7D5ABE77-A403-4775-80D2-06D71A0834DD}"
EndProject
Project("{2150E333-8FDC-42A3-9474-1A3956D46DE8}") = "Sports", "Sports", "{2A93ABFB-A837-456E-A199-05B8E0AAA238}"
EndProject
Project("{2150E333-8FDC-42A3-9474-1A3956D46DE8}") = "Soccer", "Soccer", "{D789304D-10E4-47D0-9562-1F8CECF8F1A6}"
EndProject
Project("{2150E333-8FDC-42A3-9474-1A3956D46DE8}") = "Basketball", "Basketball", "{8AF263A6-2F1D-4609-BCCD-BA361CBAF562}"
EndProject
Project("{2150E333-8FDC-42A3-9474-1A3956D46DE8}") = "ESports", "ESports", "{97695A56-F50A-4EB5-9306-08EF927D0EFC}"
EndProject
Project("{9A19103F-16F7-4668-BE54-9A1E7A4F7556}") = "Soccer.Core", "src\Soccer\Soccer.Core\Soccer.Core.csproj", "{35F6F739-D24C-42AC-9B38-FD425C636A0A}"
EndProject
Project("{2150E333-8FDC-42A3-9474-1A3956D46DE8}") = "DataReceivers", "DataReceivers", "{523D929A-EC51-45C4-B349-179D63B981B7}"
EndProject
Project("{9A19103F-16F7-4668-BE54-9A1E7A4F7556}") = "Soccer.DataReceivers.EventListeners", "src\Soccer\DataReceivers\Soccer.DataReceivers.EventListeners\Soccer.DataReceivers.EventListeners.csproj", "{D326807D-1C02-403A-9102-A27E2803C4A1}"
EndProject
Project("{2150E333-8FDC-42A3-9474-1A3956D46DE8}") = "Services", "Services", "{7173D557-0386-4235-9D1B-890453EF39B1}"
EndProject
Project("{9A19103F-16F7-4668-BE54-9A1E7A4F7556}") = "Soccer.EventProcessors", "src\Soccer\Services\Soccer.EventProcessors\Soccer.EventProcessors.csproj", "{18BDC7E2-FB66-49E9-A662-E74979467774}"
EndProject
Project("{9A19103F-16F7-4668-BE54-9A1E7A4F7556}") = "Soccer.EventPublishers", "src\Soccer\Services\Soccer.EventPublishers\Soccer.EventPublishers.csproj", "{142872DD-542B-488F-AA56-A2D22CA5DAA5}"
EndProject
Project("{9A19103F-16F7-4668-BE54-9A1E7A4F7556}") = "Soccer.API", "src\Soccer\Services\Soccer.API\Soccer.API.csproj", "{043C3C26-5470-406E-B413-886AA6FBB23C}"
EndProject
Project("{2150E333-8FDC-42A3-9474-1A3956D46DE8}") = "DataProviders", "DataProviders", "{306F12AC-6FA4-45D5-BF8C-EDDF54E6CC9D}"
EndProject
Project("{9A19103F-16F7-4668-BE54-9A1E7A4F7556}") = "Soccer.DataReceivers.ScheduleTasks", "src\Soccer\DataReceivers\Soccer.DataReceivers.ScheduleTasks\Soccer.DataReceivers.ScheduleTasks.csproj", "{253E9EE2-6004-4F73-9089-EF66011737CF}"
EndProject
Project("{2150E333-8FDC-42A3-9474-1A3956D46DE8}") = "Tests", "Tests", "{1FAE0FD7-1B6A-4160-B837-1E5357494923}"
EndProject
Project("{9A19103F-16F7-4668-BE54-9A1E7A4F7556}") = "Soccer.API.Tests", "src\Soccer\Services\Tests\Soccer.API.Tests\Soccer.API.Tests.csproj", "{A09FC7B1-7EF6-4A2B-B5A2-CC486ADC84AE}"
EndProject
Project("{9A19103F-16F7-4668-BE54-9A1E7A4F7556}") = "Score247.Shared", "src\_Shared\Score247.Shared.csproj", "{C56C1C2A-F1F6-4D5A-AFC7-3E91BE39DD86}"
EndProject
Project("{9A19103F-16F7-4668-BE54-9A1E7A4F7556}") = "Soccer.DataProviders", "src\Soccer\DataProviders\Soccer.DataProviders\Soccer.DataProviders.csproj", "{26E3D5B1-B2E4-4FFC-BADD-1B5AF69FCC5E}"
EndProject
Project("{9A19103F-16F7-4668-BE54-9A1E7A4F7556}") = "Soccer.DataProviders.SportRadar", "src\Soccer\DataProviders\Soccer.ServiceProviders.BetRadar\Soccer.DataProviders.SportRadar.csproj", "{F5C29407-1E0B-44CC-B0C0-989FD6F02F8E}"
EndProject
Project("{2150E333-8FDC-42A3-9474-1A3956D46DE8}") = "Infrastructure", "Infrastructure", "{4E291B9D-E764-49D1-8399-258034560AA0}"
EndProject
Project("{FAE04EC0-301F-11D3-BF4B-00C04F79EFBC}") = "Soccer.Cache", "src\Soccer\Infrastructure\Soccer.Cache\Soccer.Cache.csproj", "{A3667C17-163C-471D-9B08-ECE67FA9F798}"
EndProject
Project("{9A19103F-16F7-4668-BE54-9A1E7A4F7556}") = "Soccer.Database", "src\Soccer\Infrastructure\Soccer.Database\Soccer.Database.csproj", "{ECCB0353-4689-43CD-87F6-1AC447DD2EEA}"
EndProject
Global
	GlobalSection(SolutionConfigurationPlatforms) = preSolution
		Debug|Any CPU = Debug|Any CPU
		Release|Any CPU = Release|Any CPU
	EndGlobalSection
	GlobalSection(ProjectConfigurationPlatforms) = postSolution
		{35F6F739-D24C-42AC-9B38-FD425C636A0A}.Debug|Any CPU.ActiveCfg = Debug|Any CPU
		{35F6F739-D24C-42AC-9B38-FD425C636A0A}.Debug|Any CPU.Build.0 = Debug|Any CPU
		{35F6F739-D24C-42AC-9B38-FD425C636A0A}.Release|Any CPU.ActiveCfg = Release|Any CPU
		{35F6F739-D24C-42AC-9B38-FD425C636A0A}.Release|Any CPU.Build.0 = Release|Any CPU
		{D326807D-1C02-403A-9102-A27E2803C4A1}.Debug|Any CPU.ActiveCfg = Debug|Any CPU
		{D326807D-1C02-403A-9102-A27E2803C4A1}.Debug|Any CPU.Build.0 = Debug|Any CPU
		{D326807D-1C02-403A-9102-A27E2803C4A1}.Release|Any CPU.ActiveCfg = Release|Any CPU
		{D326807D-1C02-403A-9102-A27E2803C4A1}.Release|Any CPU.Build.0 = Release|Any CPU
		{18BDC7E2-FB66-49E9-A662-E74979467774}.Debug|Any CPU.ActiveCfg = Debug|Any CPU
		{18BDC7E2-FB66-49E9-A662-E74979467774}.Debug|Any CPU.Build.0 = Debug|Any CPU
		{18BDC7E2-FB66-49E9-A662-E74979467774}.Release|Any CPU.ActiveCfg = Release|Any CPU
		{18BDC7E2-FB66-49E9-A662-E74979467774}.Release|Any CPU.Build.0 = Release|Any CPU
		{142872DD-542B-488F-AA56-A2D22CA5DAA5}.Debug|Any CPU.ActiveCfg = Debug|Any CPU
		{142872DD-542B-488F-AA56-A2D22CA5DAA5}.Debug|Any CPU.Build.0 = Debug|Any CPU
		{142872DD-542B-488F-AA56-A2D22CA5DAA5}.Release|Any CPU.ActiveCfg = Release|Any CPU
		{142872DD-542B-488F-AA56-A2D22CA5DAA5}.Release|Any CPU.Build.0 = Release|Any CPU
		{043C3C26-5470-406E-B413-886AA6FBB23C}.Debug|Any CPU.ActiveCfg = Debug|Any CPU
		{043C3C26-5470-406E-B413-886AA6FBB23C}.Debug|Any CPU.Build.0 = Debug|Any CPU
		{043C3C26-5470-406E-B413-886AA6FBB23C}.Release|Any CPU.ActiveCfg = Release|Any CPU
		{043C3C26-5470-406E-B413-886AA6FBB23C}.Release|Any CPU.Build.0 = Release|Any CPU
		{253E9EE2-6004-4F73-9089-EF66011737CF}.Debug|Any CPU.ActiveCfg = Debug|Any CPU
		{253E9EE2-6004-4F73-9089-EF66011737CF}.Debug|Any CPU.Build.0 = Debug|Any CPU
		{253E9EE2-6004-4F73-9089-EF66011737CF}.Release|Any CPU.ActiveCfg = Release|Any CPU
		{253E9EE2-6004-4F73-9089-EF66011737CF}.Release|Any CPU.Build.0 = Release|Any CPU
		{A09FC7B1-7EF6-4A2B-B5A2-CC486ADC84AE}.Debug|Any CPU.ActiveCfg = Debug|Any CPU
		{A09FC7B1-7EF6-4A2B-B5A2-CC486ADC84AE}.Debug|Any CPU.Build.0 = Debug|Any CPU
		{A09FC7B1-7EF6-4A2B-B5A2-CC486ADC84AE}.Release|Any CPU.ActiveCfg = Release|Any CPU
		{A09FC7B1-7EF6-4A2B-B5A2-CC486ADC84AE}.Release|Any CPU.Build.0 = Release|Any CPU
		{C56C1C2A-F1F6-4D5A-AFC7-3E91BE39DD86}.Debug|Any CPU.ActiveCfg = Debug|Any CPU
		{C56C1C2A-F1F6-4D5A-AFC7-3E91BE39DD86}.Debug|Any CPU.Build.0 = Debug|Any CPU
		{C56C1C2A-F1F6-4D5A-AFC7-3E91BE39DD86}.Release|Any CPU.ActiveCfg = Release|Any CPU
		{C56C1C2A-F1F6-4D5A-AFC7-3E91BE39DD86}.Release|Any CPU.Build.0 = Release|Any CPU
		{26E3D5B1-B2E4-4FFC-BADD-1B5AF69FCC5E}.Debug|Any CPU.ActiveCfg = Debug|Any CPU
		{26E3D5B1-B2E4-4FFC-BADD-1B5AF69FCC5E}.Debug|Any CPU.Build.0 = Debug|Any CPU
		{26E3D5B1-B2E4-4FFC-BADD-1B5AF69FCC5E}.Release|Any CPU.ActiveCfg = Release|Any CPU
		{26E3D5B1-B2E4-4FFC-BADD-1B5AF69FCC5E}.Release|Any CPU.Build.0 = Release|Any CPU
		{F5C29407-1E0B-44CC-B0C0-989FD6F02F8E}.Debug|Any CPU.ActiveCfg = Debug|Any CPU
		{F5C29407-1E0B-44CC-B0C0-989FD6F02F8E}.Debug|Any CPU.Build.0 = Debug|Any CPU
		{F5C29407-1E0B-44CC-B0C0-989FD6F02F8E}.Release|Any CPU.ActiveCfg = Release|Any CPU
		{F5C29407-1E0B-44CC-B0C0-989FD6F02F8E}.Release|Any CPU.Build.0 = Release|Any CPU
		{A3667C17-163C-471D-9B08-ECE67FA9F798}.Debug|Any CPU.ActiveCfg = Debug|Any CPU
		{A3667C17-163C-471D-9B08-ECE67FA9F798}.Debug|Any CPU.Build.0 = Debug|Any CPU
		{A3667C17-163C-471D-9B08-ECE67FA9F798}.Release|Any CPU.ActiveCfg = Release|Any CPU
		{A3667C17-163C-471D-9B08-ECE67FA9F798}.Release|Any CPU.Build.0 = Release|Any CPU
		{ECCB0353-4689-43CD-87F6-1AC447DD2EEA}.Debug|Any CPU.ActiveCfg = Debug|Any CPU
		{ECCB0353-4689-43CD-87F6-1AC447DD2EEA}.Debug|Any CPU.Build.0 = Debug|Any CPU
		{ECCB0353-4689-43CD-87F6-1AC447DD2EEA}.Release|Any CPU.ActiveCfg = Release|Any CPU
		{ECCB0353-4689-43CD-87F6-1AC447DD2EEA}.Release|Any CPU.Build.0 = Release|Any CPU
	EndGlobalSection
	GlobalSection(SolutionProperties) = preSolution
		HideSolutionNode = FALSE
	EndGlobalSection
	GlobalSection(NestedProjects) = preSolution
		{2A93ABFB-A837-456E-A199-05B8E0AAA238} = {198744D0-8880-4490-89C9-A5F37EDC427B}
		{D789304D-10E4-47D0-9562-1F8CECF8F1A6} = {2A93ABFB-A837-456E-A199-05B8E0AAA238}
		{8AF263A6-2F1D-4609-BCCD-BA361CBAF562} = {2A93ABFB-A837-456E-A199-05B8E0AAA238}
		{97695A56-F50A-4EB5-9306-08EF927D0EFC} = {2A93ABFB-A837-456E-A199-05B8E0AAA238}
		{35F6F739-D24C-42AC-9B38-FD425C636A0A} = {D789304D-10E4-47D0-9562-1F8CECF8F1A6}
		{523D929A-EC51-45C4-B349-179D63B981B7} = {D789304D-10E4-47D0-9562-1F8CECF8F1A6}
		{D326807D-1C02-403A-9102-A27E2803C4A1} = {523D929A-EC51-45C4-B349-179D63B981B7}
		{7173D557-0386-4235-9D1B-890453EF39B1} = {D789304D-10E4-47D0-9562-1F8CECF8F1A6}
		{18BDC7E2-FB66-49E9-A662-E74979467774} = {7173D557-0386-4235-9D1B-890453EF39B1}
		{142872DD-542B-488F-AA56-A2D22CA5DAA5} = {7173D557-0386-4235-9D1B-890453EF39B1}
		{043C3C26-5470-406E-B413-886AA6FBB23C} = {7173D557-0386-4235-9D1B-890453EF39B1}
		{306F12AC-6FA4-45D5-BF8C-EDDF54E6CC9D} = {D789304D-10E4-47D0-9562-1F8CECF8F1A6}
		{253E9EE2-6004-4F73-9089-EF66011737CF} = {523D929A-EC51-45C4-B349-179D63B981B7}
		{1FAE0FD7-1B6A-4160-B837-1E5357494923} = {7173D557-0386-4235-9D1B-890453EF39B1}
		{A09FC7B1-7EF6-4A2B-B5A2-CC486ADC84AE} = {1FAE0FD7-1B6A-4160-B837-1E5357494923}
		{C56C1C2A-F1F6-4D5A-AFC7-3E91BE39DD86} = {2A93ABFB-A837-456E-A199-05B8E0AAA238}
		{26E3D5B1-B2E4-4FFC-BADD-1B5AF69FCC5E} = {306F12AC-6FA4-45D5-BF8C-EDDF54E6CC9D}
		{F5C29407-1E0B-44CC-B0C0-989FD6F02F8E} = {306F12AC-6FA4-45D5-BF8C-EDDF54E6CC9D}
		{4E291B9D-E764-49D1-8399-258034560AA0} = {D789304D-10E4-47D0-9562-1F8CECF8F1A6}
		{A3667C17-163C-471D-9B08-ECE67FA9F798} = {4E291B9D-E764-49D1-8399-258034560AA0}
		{ECCB0353-4689-43CD-87F6-1AC447DD2EEA} = {4E291B9D-E764-49D1-8399-258034560AA0}
	EndGlobalSection
	GlobalSection(ExtensibilityGlobals) = postSolution
		SolutionGuid = {D13AD9D6-D937-45A2-AAA4-3EFA410C7411}
	EndGlobalSection
EndGlobal
