
Microsoft Visual Studio Solution File, Format Version 12.00
# Visual Studio Version 16
VisualStudioVersion = 16.0.29009.5
MinimumVisualStudioVersion = 10.0.40219.1
Project("{2150E333-8FDC-42A3-9474-1A3956D46DE8}") = "src", "src", "{198744D0-8880-4490-89C9-A5F37EDC427B}"
EndProject
Project("{2150E333-8FDC-42A3-9474-1A3956D46DE8}") = "test", "test", "{7D5ABE77-A403-4775-80D2-06D71A0834DD}"
EndProject
Project("{2150E333-8FDC-42A3-9474-1A3956D46DE8}") = "Soccer", "Soccer", "{C152FDF1-7F44-4330-898C-466B0ECE2FCD}"
EndProject
Project("{2150E333-8FDC-42A3-9474-1A3956D46DE8}") = "Basketball", "Basketball", "{9034E06F-AD5E-42CA-9C70-6B8C92DB31DE}"
EndProject
Project("{2150E333-8FDC-42A3-9474-1A3956D46DE8}") = "ESports", "ESports", "{B863252D-E2CE-4874-886A-A76CF428D541}"
EndProject
Project("{2150E333-8FDC-42A3-9474-1A3956D46DE8}") = "Services", "Services", "{4D7F4945-0B05-45C1-8C31-4C9ECBF67E8C}"
EndProject
Project("{9A19103F-16F7-4668-BE54-9A1E7A4F7556}") = "Soccer.QueryService", "src\Services\Soccer\Soccer.API\Soccer.QueryService.csproj", "{D236558C-F675-4BA6-A248-46F24CA1BD90}"
EndProject
Project("{9A19103F-16F7-4668-BE54-9A1E7A4F7556}") = "Soccer.CommandService", "src\Services\Soccer\Soccer.Jobs\Soccer.CommandService.csproj", "{932179C5-EAC9-4063-93BF-774E85B8C6ED}"
EndProject
Project("{9A19103F-16F7-4668-BE54-9A1E7A4F7556}") = "Score247.Shared", "src\Score247.Shared\Score247.Shared.csproj", "{4D122813-4960-48CA-8B5E-5E7A63CCF1D6}"
EndProject
Project("{FAE04EC0-301F-11D3-BF4B-00C04F79EFBC}") = "Soccer.EventConsumer.Storage", "src\Services\Soccer\Soccer.EventConsumer\Soccer.EventConsumer.Storage.csproj", "{F4364DA8-6D40-401F-B809-308182AC5E8D}"
EndProject
Project("{2150E333-8FDC-42A3-9474-1A3956D46DE8}") = "_Shared", "_Shared", "{4DB7CF8B-C388-4082-AD63-985260D57FAE}"
EndProject
Project("{FAE04EC0-301F-11D3-BF4B-00C04F79EFBC}") = "Soccer.Infrastructure", "src\Services\Soccer\_Shared\Soccer.Infrastructure\Soccer.Infrastructure.csproj", "{1825D205-AEBF-4459-BA9C-58B0439A1273}"
EndProject
Project("{9A19103F-16F7-4668-BE54-9A1E7A4F7556}") = "Soccer.Domain", "src\Services\Soccer\_Shared\Soccer.Domain\Soccer.Domain.csproj", "{960E5F80-6814-4782-A151-29D0AC7D34B7}"
EndProject
Project("{9A19103F-16F7-4668-BE54-9A1E7A4F7556}") = "Soccer.EventConsumer.SignalR", "src\Services\Soccer\Soccer.Hub\Soccer.EventConsumer.SignalR.csproj", "{84180100-9F5F-4193-8908-379E1C20FBBC}"
EndProject
Project("{2150E333-8FDC-42A3-9474-1A3956D46DE8}") = "EventConsumers", "EventConsumers", "{EFB04B28-6795-46FD-B9C0-3A1F57C08808}"
EndProject
Global
	GlobalSection(SolutionConfigurationPlatforms) = preSolution
		Debug|Any CPU = Debug|Any CPU
		Release|Any CPU = Release|Any CPU
	EndGlobalSection
	GlobalSection(ProjectConfigurationPlatforms) = postSolution
		{D236558C-F675-4BA6-A248-46F24CA1BD90}.Debug|Any CPU.ActiveCfg = Debug|Any CPU
		{D236558C-F675-4BA6-A248-46F24CA1BD90}.Debug|Any CPU.Build.0 = Debug|Any CPU
		{D236558C-F675-4BA6-A248-46F24CA1BD90}.Release|Any CPU.ActiveCfg = Release|Any CPU
		{D236558C-F675-4BA6-A248-46F24CA1BD90}.Release|Any CPU.Build.0 = Release|Any CPU
		{932179C5-EAC9-4063-93BF-774E85B8C6ED}.Debug|Any CPU.ActiveCfg = Debug|Any CPU
		{932179C5-EAC9-4063-93BF-774E85B8C6ED}.Debug|Any CPU.Build.0 = Debug|Any CPU
		{932179C5-EAC9-4063-93BF-774E85B8C6ED}.Release|Any CPU.ActiveCfg = Release|Any CPU
		{932179C5-EAC9-4063-93BF-774E85B8C6ED}.Release|Any CPU.Build.0 = Release|Any CPU
		{4D122813-4960-48CA-8B5E-5E7A63CCF1D6}.Debug|Any CPU.ActiveCfg = Debug|Any CPU
		{4D122813-4960-48CA-8B5E-5E7A63CCF1D6}.Debug|Any CPU.Build.0 = Debug|Any CPU
		{4D122813-4960-48CA-8B5E-5E7A63CCF1D6}.Release|Any CPU.ActiveCfg = Release|Any CPU
		{4D122813-4960-48CA-8B5E-5E7A63CCF1D6}.Release|Any CPU.Build.0 = Release|Any CPU
		{F4364DA8-6D40-401F-B809-308182AC5E8D}.Debug|Any CPU.ActiveCfg = Debug|Any CPU
		{F4364DA8-6D40-401F-B809-308182AC5E8D}.Debug|Any CPU.Build.0 = Debug|Any CPU
		{F4364DA8-6D40-401F-B809-308182AC5E8D}.Release|Any CPU.ActiveCfg = Release|Any CPU
		{F4364DA8-6D40-401F-B809-308182AC5E8D}.Release|Any CPU.Build.0 = Release|Any CPU
		{1825D205-AEBF-4459-BA9C-58B0439A1273}.Debug|Any CPU.ActiveCfg = Debug|Any CPU
		{1825D205-AEBF-4459-BA9C-58B0439A1273}.Debug|Any CPU.Build.0 = Debug|Any CPU
		{1825D205-AEBF-4459-BA9C-58B0439A1273}.Release|Any CPU.ActiveCfg = Release|Any CPU
		{1825D205-AEBF-4459-BA9C-58B0439A1273}.Release|Any CPU.Build.0 = Release|Any CPU
		{960E5F80-6814-4782-A151-29D0AC7D34B7}.Debug|Any CPU.ActiveCfg = Debug|Any CPU
		{960E5F80-6814-4782-A151-29D0AC7D34B7}.Debug|Any CPU.Build.0 = Debug|Any CPU
		{960E5F80-6814-4782-A151-29D0AC7D34B7}.Release|Any CPU.ActiveCfg = Release|Any CPU
		{960E5F80-6814-4782-A151-29D0AC7D34B7}.Release|Any CPU.Build.0 = Release|Any CPU
		{84180100-9F5F-4193-8908-379E1C20FBBC}.Debug|Any CPU.ActiveCfg = Debug|Any CPU
		{84180100-9F5F-4193-8908-379E1C20FBBC}.Debug|Any CPU.Build.0 = Debug|Any CPU
		{84180100-9F5F-4193-8908-379E1C20FBBC}.Release|Any CPU.ActiveCfg = Release|Any CPU
		{84180100-9F5F-4193-8908-379E1C20FBBC}.Release|Any CPU.Build.0 = Release|Any CPU
	EndGlobalSection
	GlobalSection(SolutionProperties) = preSolution
		HideSolutionNode = FALSE
	EndGlobalSection
	GlobalSection(NestedProjects) = preSolution
		{C152FDF1-7F44-4330-898C-466B0ECE2FCD} = {4D7F4945-0B05-45C1-8C31-4C9ECBF67E8C}
		{9034E06F-AD5E-42CA-9C70-6B8C92DB31DE} = {4D7F4945-0B05-45C1-8C31-4C9ECBF67E8C}
		{B863252D-E2CE-4874-886A-A76CF428D541} = {4D7F4945-0B05-45C1-8C31-4C9ECBF67E8C}
		{4D7F4945-0B05-45C1-8C31-4C9ECBF67E8C} = {198744D0-8880-4490-89C9-A5F37EDC427B}
		{D236558C-F675-4BA6-A248-46F24CA1BD90} = {C152FDF1-7F44-4330-898C-466B0ECE2FCD}
		{932179C5-EAC9-4063-93BF-774E85B8C6ED} = {C152FDF1-7F44-4330-898C-466B0ECE2FCD}
		{4D122813-4960-48CA-8B5E-5E7A63CCF1D6} = {198744D0-8880-4490-89C9-A5F37EDC427B}
		{F4364DA8-6D40-401F-B809-308182AC5E8D} = {EFB04B28-6795-46FD-B9C0-3A1F57C08808}
		{4DB7CF8B-C388-4082-AD63-985260D57FAE} = {C152FDF1-7F44-4330-898C-466B0ECE2FCD}
		{1825D205-AEBF-4459-BA9C-58B0439A1273} = {4DB7CF8B-C388-4082-AD63-985260D57FAE}
		{960E5F80-6814-4782-A151-29D0AC7D34B7} = {4DB7CF8B-C388-4082-AD63-985260D57FAE}
		{84180100-9F5F-4193-8908-379E1C20FBBC} = {EFB04B28-6795-46FD-B9C0-3A1F57C08808}
		{EFB04B28-6795-46FD-B9C0-3A1F57C08808} = {C152FDF1-7F44-4330-898C-466B0ECE2FCD}
	EndGlobalSection
	GlobalSection(ExtensibilityGlobals) = postSolution
		SolutionGuid = {D13AD9D6-D937-45A2-AAA4-3EFA410C7411}
	EndGlobalSection
EndGlobal
